
Microsoft Visual Studio Solution File, Format Version 12.00
# Visual Studio 15
VisualStudioVersion = 15.0.28307.645
MinimumVisualStudioVersion = 10.0.40219.1
Project("{E6C563F2-BDC2-4A24-ACBF-01715157DCBB}") = "StreamAnalyticsOnnxModel", "forrester-ASADemo\StreamAnalyticsOnnxModel.asaproj", "{2900C0E8-78A5-4CD6-9765-2C1B8C16DDF1}"
EndProject
Project("{9A19103F-16F7-4668-BE54-9A1E7A4F7556}") = "onnxmodel", "onnxmodel\onnxmodel.csproj", "{53188C23-14A9-451A-8AA6-315BFDBE8F04}"
EndProject
Global
	GlobalSection(SolutionConfigurationPlatforms) = preSolution
		Debug|Any CPU = Debug|Any CPU
		Release|Any CPU = Release|Any CPU
	EndGlobalSection
	GlobalSection(ProjectConfigurationPlatforms) = postSolution
		{2900C0E8-78A5-4CD6-9765-2C1B8C16DDF1}.Debug|Any CPU.ActiveCfg = Debug|Any CPU
		{2900C0E8-78A5-4CD6-9765-2C1B8C16DDF1}.Debug|Any CPU.Build.0 = Debug|Any CPU
		{2900C0E8-78A5-4CD6-9765-2C1B8C16DDF1}.Release|Any CPU.ActiveCfg = Release|Any CPU
		{2900C0E8-78A5-4CD6-9765-2C1B8C16DDF1}.Release|Any CPU.Build.0 = Release|Any CPU
		{53188C23-14A9-451A-8AA6-315BFDBE8F04}.Debug|Any CPU.ActiveCfg = Debug|Any CPU
		{53188C23-14A9-451A-8AA6-315BFDBE8F04}.Debug|Any CPU.Build.0 = Debug|Any CPU
		{53188C23-14A9-451A-8AA6-315BFDBE8F04}.Release|Any CPU.ActiveCfg = Release|Any CPU
		{53188C23-14A9-451A-8AA6-315BFDBE8F04}.Release|Any CPU.Build.0 = Release|Any CPU
	EndGlobalSection
	GlobalSection(SolutionProperties) = preSolution
		HideSolutionNode = FALSE
	EndGlobalSection
	GlobalSection(ExtensibilityGlobals) = postSolution
		SolutionGuid = {32B8B9E0-7CCF-434F-B74F-DB0566F57187}
	EndGlobalSection
EndGlobal
