
Microsoft Visual Studio Solution File, Format Version 12.00
# Visual Studio 2013
VisualStudioVersion = 12.0.31101.0
MinimumVisualStudioVersion = 10.0.40219.1
Project("{FAE04EC0-301F-11D3-BF4B-00C04F79EFBC}") = "SensorEventGenerator", "SensorEventGenerator\SensorEventGenerator.csproj", "{D7E277E3-7F6B-44D0-AA3B-8DBE0CB92765}"
EndProject
Project("{2150E333-8FDC-42A3-9474-1A3956D46DE8}") = "Solution Items", "Solution Items", "{C278E8D2-B20D-4BCE-B97B-7429D38C716E}"
	ProjectSection(SolutionItems) = preProject
		README.md = README.md
	EndProjectSection
EndProject
Global
	GlobalSection(SolutionConfigurationPlatforms) = preSolution
		Debug|Any CPU = Debug|Any CPU
		Release|Any CPU = Release|Any CPU
	EndGlobalSection
	GlobalSection(ProjectConfigurationPlatforms) = postSolution
		{D7E277E3-7F6B-44D0-AA3B-8DBE0CB92765}.Debug|Any CPU.ActiveCfg = Debug|Any CPU
		{D7E277E3-7F6B-44D0-AA3B-8DBE0CB92765}.Debug|Any CPU.Build.0 = Debug|Any CPU
		{D7E277E3-7F6B-44D0-AA3B-8DBE0CB92765}.Release|Any CPU.ActiveCfg = Release|Any CPU
		{D7E277E3-7F6B-44D0-AA3B-8DBE0CB92765}.Release|Any CPU.Build.0 = Release|Any CPU
	EndGlobalSection
	GlobalSection(SolutionProperties) = preSolution
		HideSolutionNode = FALSE
	EndGlobalSection
EndGlobal
