
Microsoft Visual Studio Solution File, Format Version 12.00
# Visual Studio Version 16
VisualStudioVersion = 16.0.32602.290
MinimumVisualStudioVersion = 10.0.40219.1
Project("{9A19103F-16F7-4668-BE54-9A1E7A4F7556}") = "TelcoGeneratorCore", "TelcoGeneratorCore\TelcoGeneratorCore.csproj", "{57B6140A-E68A-4BEB-93CD-E4184EA46F9D}"
EndProject
Project("{9A19103F-16F7-4668-BE54-9A1E7A4F7556}") = "TwitterClientCore", "TwitterClientCore\TwitterClientCore.csproj", "{4B42D4AE-A957-4BC5-B8D0-381F772CFBAB}"
EndProject
Global
	GlobalSection(SolutionConfigurationPlatforms) = preSolution
		Debug|Any CPU = Debug|Any CPU
		Release|Any CPU = Release|Any CPU
	EndGlobalSection
	GlobalSection(ProjectConfigurationPlatforms) = postSolution
		{57B6140A-E68A-4BEB-93CD-E4184EA46F9D}.Debug|Any CPU.ActiveCfg = Debug|Any CPU
		{57B6140A-E68A-4BEB-93CD-E4184EA46F9D}.Debug|Any CPU.Build.0 = Debug|Any CPU
		{57B6140A-E68A-4BEB-93CD-E4184EA46F9D}.Release|Any CPU.ActiveCfg = Release|Any CPU
		{57B6140A-E68A-4BEB-93CD-E4184EA46F9D}.Release|Any CPU.Build.0 = Release|Any CPU
		{4B42D4AE-A957-4BC5-B8D0-381F772CFBAB}.Debug|Any CPU.ActiveCfg = Debug|Any CPU
		{4B42D4AE-A957-4BC5-B8D0-381F772CFBAB}.Debug|Any CPU.Build.0 = Debug|Any CPU
		{4B42D4AE-A957-4BC5-B8D0-381F772CFBAB}.Release|Any CPU.ActiveCfg = Release|Any CPU
		{4B42D4AE-A957-4BC5-B8D0-381F772CFBAB}.Release|Any CPU.Build.0 = Release|Any CPU
	EndGlobalSection
	GlobalSection(SolutionProperties) = preSolution
		HideSolutionNode = FALSE
	EndGlobalSection
	GlobalSection(ExtensibilityGlobals) = postSolution
		SolutionGuid = {5CFD7572-EC31-45E4-91E1-316F3472DB63}
	EndGlobalSection
EndGlobal
